
Microsoft Visual Studio Solution File, Format Version 12.00
# Visual Studio Version 17
VisualStudioVersion = 17.13.35919.96 d17.13
MinimumVisualStudioVersion = 10.0.40219.1
Project("{FAE04EC0-301F-11D3-BF4B-00C04F79EFBC}") = "M365HealthCheckApp", "M365HealthCheckApp.csproj", "{2BD117A3-32BE-489E-9626-FCA62B617425}"
EndProject
Global
	GlobalSection(SolutionConfigurationPlatforms) = preSolution
		Debug|Any CPU = Debug|Any CPU
		Release|Any CPU = Release|Any CPU
	EndGlobalSection
	GlobalSection(ProjectConfigurationPlatforms) = postSolution
		{2BD117A3-32BE-489E-9626-FCA62B617425}.Debug|Any CPU.ActiveCfg = Debug|Any CPU
		{2BD117A3-32BE-489E-9626-FCA62B617425}.Debug|Any CPU.Build.0 = Debug|Any CPU
		{2BD117A3-32BE-489E-9626-FCA62B617425}.Release|Any CPU.ActiveCfg = Release|Any CPU
		{2BD117A3-32BE-489E-9626-FCA62B617425}.Release|Any CPU.Build.0 = Release|Any CPU
	EndGlobalSection
	GlobalSection(SolutionProperties) = preSolution
		HideSolutionNode = FALSE
	EndGlobalSection
	GlobalSection(ExtensibilityGlobals) = postSolution
		SolutionGuid = {7F0760C3-C063-4726-9CA7-CC52DB5D3CE1}
	EndGlobalSection
EndGlobal
